{
  "originHash" : "8c8cce722ef0ef36b8d02a3a288081a81c2df4732a9f8705c3ff441804d0003c",
  "pins" : [
    {
      "identity" : "foundation-models-utilities",
      "kind" : "remoteSourceControl",
      "location" : "https://github.com/apple/foundation-models-utilities",
      "state" : {
        "revision" : "cc3820def1fe016bc6cd49d958cd2f2a29be76a8",
        "version" : "1.1.0-beta1"
      }
    },
    {
      "identity" : "swift-argument-parser",
      "kind" : "remoteSourceControl",
      "location" : "https://github.com/apple/swift-argument-parser.git",
      "state" : {
        "revision" : "6a52f3251125d74daf04fcbd5e6f08a75d074382",
        "version" : "1.8.2"
      }
    },
    {
      "identity" : "swift-docc-plugin",
      "kind" : "remoteSourceControl",
      "location" : "https://github.com/apple/swift-docc-plugin",
      "state" : {
        "revision" : "647c708be89f834fa6a6d4945442793a77ddf5b6",
        "version" : "1.5.0"
      }
    },
    {
      "identity" : "swift-docc-symbolkit",
      "kind" : "remoteSourceControl",
      "location" : "https://github.com/swiftlang/swift-docc-symbolkit",
      "state" : {
        "revision" : "b45d1f2ed151d057b54504d653e0da5552844e34",
        "version" : "1.0.0"
      }
    }
  ],
  "version" : 3
}
